
Microsoft Visual Studio Solution File, Format Version 12.00
# Visual Studio Version 16
VisualStudioVersion = 16.0.30406.217
MinimumVisualStudioVersion = 10.0.40219.1
Project("{FAE04EC0-301F-11D3-BF4B-00C04F79EFBC}") = "ads", "ads\ads.csproj", "{07125E70-0CF9-4ADC-BE0A-6AEFE826044D}"
EndProject
Global
	GlobalSection(SolutionConfigurationPlatforms) = preSolution
		Debug|Any CPU = Debug|Any CPU
		Release|Any CPU = Release|Any CPU
	EndGlobalSection
	GlobalSection(ProjectConfigurationPlatforms) = postSolution
		{07125E70-0CF9-4ADC-BE0A-6AEFE826044D}.Debug|Any CPU.ActiveCfg = Debug|Any CPU
		{07125E70-0CF9-4ADC-BE0A-6AEFE826044D}.Debug|Any CPU.Build.0 = Debug|Any CPU
		{07125E70-0CF9-4ADC-BE0A-6AEFE826044D}.Release|Any CPU.ActiveCfg = Release|Any CPU
		{07125E70-0CF9-4ADC-BE0A-6AEFE826044D}.Release|Any CPU.Build.0 = Release|Any CPU
	EndGlobalSection
	GlobalSection(SolutionProperties) = preSolution
		HideSolutionNode = FALSE
	EndGlobalSection
	GlobalSection(ExtensibilityGlobals) = postSolution
		SolutionGuid = {1AE85669-27AC-4572-815D-571D5A6D0027}
	EndGlobalSection
EndGlobal
